// !$*UTF8*$!
{
	archiveVersion = 1;
	classes = {
	};
	objectVersion = 48;
	objects = {

/* Begin PBXBuildFile section */
		8D1561371F6FCD64000EB372 /* AppDelegate.swift in Sources */ = {isa = PBXBuildFile; fileRef = 8D1561361F6FCD64000EB372 /* AppDelegate.swift */; };
		8D1561391F6FCD64000EB372 /* ViewController.swift in Sources */ = {isa = PBXBuildFile; fileRef = 8D1561381F6FCD64000EB372 /* ViewController.swift */; };
		8D15613C1F6FCD64000EB372 /* Main.storyboard in Resources */ = {isa = PBXBuildFile; fileRef = 8D15613A1F6FCD64000EB372 /* Main.storyboard */; };
		8D15613E1F6FCD64000EB372 /* Assets.xcassets in Resources */ = {isa = PBXBuildFile; fileRef = 8D15613D1F6FCD64000EB372 /* Assets.xcassets */; };
		8D1561411F6FCD64000EB372 /* LaunchScreen.storyboard in Resources */ = {isa = PBXBuildFile; fileRef = 8D15613F1F6FCD64000EB372 /* LaunchScreen.storyboard */; };
		8D15614C1F6FCD64000EB372 /* CityU_PicsTests.swift in Sources */ = {isa = PBXBuildFile; fileRef = 8D15614B1F6FCD64000EB372 /* CityU_PicsTests.swift */; };
		8D1561571F6FCD64000EB372 /* CityU_PicsUITests.swift in Sources */ = {isa = PBXBuildFile; fileRef = 8D1561561F6FCD64000EB372 /* CityU_PicsUITests.swift */; };
/* End PBXBuildFile section */

/* Begin PBXContainerItemProxy section */
		8D1561481F6FCD64000EB372 /* PBXContainerItemProxy */ = {
			isa = PBXContainerItemProxy;
			containerPortal = 8D15612B1F6FCD64000EB372 /* Project object */;
			proxyType = 1;
			remoteGlobalIDString = 8D1561321F6FCD64000EB372;
			remoteInfo = "CityU Pics";
		};
		8D1561531F6FCD64000EB372 /* PBXContainerItemProxy */ = {
			isa = PBXContainerItemProxy;
			containerPortal = 8D15612B1F6FCD64000EB372 /* Project object */;
			proxyType = 1;
			remoteGlobalIDString = 8D1561321F6FCD64000EB372;
			remoteInfo = "CityU Pics";
		};
/* End PBXContainerItemProxy section */

/* Begin PBXFileReference section */
		8D1561331F6FCD64000EB372 /* CityU Pics.app */ = {isa = PBXFileReference; explicitFileType = wrapper.application; includeInIndex = 0; path = "CityU Pics.app"; sourceTree = BUILT_PRODUCTS_DIR; };
		8D1561361F6FCD64000EB372 /* AppDelegate.swift */ = {isa = PBXFileReference; lastKnownFileType = sourcecode.swift; path = AppDelegate.swift; sourceTree = "<group>"; };
		8D1561381F6FCD64000EB372 /* ViewController.swift */ = {isa = PBXFileReference; lastKnownFileType = sourcecode.swift; path = ViewController.swift; sourceTree = "<group>"; };
		8D15613B1F6FCD64000EB372 /* Base */ = {isa = PBXFileReference; lastKnownFileType = file.storyboard; name = Base; path = Base.lproj/Main.storyboard; sourceTree = "<group>"; };
		8D15613D1F6FCD64000EB372 /* Assets.xcassets */ = {isa = PBXFileReference; lastKnownFileType = folder.assetcatalog; path = Assets.xcassets; sourceTree = "<group>"; };
		8D1561401F6FCD64000EB372 /* Base */ = {isa = PBXFileReference; lastKnownFileType = file.storyboard; name = Base; path = Base.lproj/LaunchScreen.storyboard; sourceTree = "<group>"; };
		8D1561421F6FCD64000EB372 /* Info.plist */ = {isa = PBXFileReference; lastKnownFileType = text.plist.xml; path = Info.plist; sourceTree = "<group>"; };
		8D1561471F6FCD64000EB372 /* CityU PicsTests.xctest */ = {isa = PBXFileReference; explicitFileType = wrapper.cfbundle; includeInIndex = 0; path = "CityU PicsTests.xctest"; sourceTree = BUILT_PRODUCTS_DIR; };
		8D15614B1F6FCD64000EB372 /* CityU_PicsTests.swift */ = {isa = PBXFileReference; lastKnownFileType = sourcecode.swift; path = CityU_PicsTests.swift; sourceTree = "<group>"; };
		8D15614D1F6FCD64000EB372 /* Info.plist */ = {isa = PBXFileReference; lastKnownFileType = text.plist.xml; path = Info.plist; sourceTree = "<group>"; };
		8D1561521F6FCD64000EB372 /* CityU PicsUITests.xctest */ = {isa = PBXFileReference; explicitFileType = wrapper.cfbundle; includeInIndex = 0; path = "CityU PicsUITests.xctest"; sourceTree = BUILT_PRODUCTS_DIR; };
		8D1561561F6FCD64000EB372 /* CityU_PicsUITests.swift */ = {isa = PBXFileReference; lastKnownFileType = sourcecode.swift; path = CityU_PicsUITests.swift; sourceTree = "<group>"; };
		8D1561581F6FCD64000EB372 /* Info.plist */ = {isa = PBXFileReference; lastKnownFileType = text.plist.xml; path = Info.plist; sourceTree = "<group>"; };
/* End PBXFileReference section */

/* Begin PBXFrameworksBuildPhase section */
		8D1561301F6FCD64000EB372 /* Frameworks */ = {
			isa = PBXFrameworksBuildPhase;
			buildActionMask = 2147483647;
			files = (
			);
			runOnlyForDeploymentPostprocessing = 0;
		};
		8D1561441F6FCD64000EB372 /* Frameworks */ = {
			isa = PBXFrameworksBuildPhase;
			buildActionMask = 2147483647;
			files = (
			);
			runOnlyForDeploymentPostprocessing = 0;
		};
		8D15614F1F6FCD64000EB372 /* Frameworks */ = {
			isa = PBXFrameworksBuildPhase;
			buildActionMask = 2147483647;
			files = (
			);
			runOnlyForDeploymentPostprocessing = 0;
		};
/* End PBXFrameworksBuildPhase section */

/* Begin PBXGroup section */
		8D15612A1F6FCD64000EB372 = {
			isa = PBXGroup;
			children = (
				8D1561351F6FCD64000EB372 /* CityU Pics */,
				8D15614A1F6FCD64000EB372 /* CityU PicsTests */,
				8D1561551F6FCD64000EB372 /* CityU PicsUITests */,
				8D1561341F6FCD64000EB372 /* Products */,
			);
			sourceTree = "<group>";
		};
		8D1561341F6FCD64000EB372 /* Products */ = {
			isa = PBXGroup;
			children = (
				8D1561331F6FCD64000EB372 /* CityU Pics.app */,
				8D1561471F6FCD64000EB372 /* CityU PicsTests.xctest */,
				8D1561521F6FCD64000EB372 /* CityU PicsUITests.xctest */,
			);
			name = Products;
			sourceTree = "<group>";
		};
		8D1561351F6FCD64000EB372 /* CityU Pics */ = {
			isa = PBXGroup;
			children = (
				8D1561361F6FCD64000EB372 /* AppDelegate.swift */,
				8D1561381F6FCD64000EB372 /* ViewController.swift */,
				8D15613A1F6FCD64000EB372 /* Main.storyboard */,
				8D15613D1F6FCD64000EB372 /* Assets.xcassets */,
				8D15613F1F6FCD64000EB372 /* LaunchScreen.storyboard */,
				8D1561421F6FCD64000EB372 /* Info.plist */,
			);
			path = "CityU Pics";
			sourceTree = "<group>";
		};
		8D15614A1F6FCD64000EB372 /* CityU PicsTests */ = {
			isa = PBXGroup;
			children = (
				8D15614B1F6FCD64000EB372 /* CityU_PicsTests.swift */,
				8D15614D1F6FCD64000EB372 /* Info.plist */,
			);
			path = "CityU PicsTests";
			sourceTree = "<group>";
		};
		8D1561551F6FCD64000EB372 /* CityU PicsUITests */ = {
			isa = PBXGroup;
			children = (
				8D1561561F6FCD64000EB372 /* CityU_PicsUITests.swift */,
				8D1561581F6FCD64000EB372 /* Info.plist */,
			);
			path = "CityU PicsUITests";
			sourceTree = "<group>";
		};
/* End PBXGroup section */

/* Begin PBXNativeTarget section */
		8D1561321F6FCD64000EB372 /* CityU Pics */ = {
			isa = PBXNativeTarget;
			buildConfigurationList = 8D15615B1F6FCD64000EB372 /* Build configuration list for PBXNativeTarget "CityU Pics" */;
			buildPhases = (
				8D15612F1F6FCD64000EB372 /* Sources */,
				8D1561301F6FCD64000EB372 /* Frameworks */,
				8D1561311F6FCD64000EB372 /* Resources */,
			);
			buildRules = (
			);
			dependencies = (
			);
			name = "CityU Pics";
			productName = "CityU Pics";
			productReference = 8D1561331F6FCD64000EB372 /* CityU Pics.app */;
			productType = "com.apple.product-type.application";
		};
		8D1561461F6FCD64000EB372 /* CityU PicsTests */ = {
			isa = PBXNativeTarget;
			buildConfigurationList = 8D15615E1F6FCD64000EB372 /* Build configuration list for PBXNativeTarget "CityU PicsTests" */;
			buildPhases = (
				8D1561431F6FCD64000EB372 /* Sources */,
				8D1561441F6FCD64000EB372 /* Frameworks */,
				8D1561451F6FCD64000EB372 /* Resources */,
			);
			buildRules = (
			);
			dependencies = (
				8D1561491F6FCD64000EB372 /* PBXTargetDependency */,
			);
			name = "CityU PicsTests";
			productName = "CityU PicsTests";
			productReference = 8D1561471F6FCD64000EB372 /* CityU PicsTests.xctest */;
			productType = "com.apple.product-type.bundle.unit-test";
		};
		8D1561511F6FCD64000EB372 /* CityU PicsUITests */ = {
			isa = PBXNativeTarget;
			buildConfigurationList = 8D1561611F6FCD64000EB372 /* Build configuration list for PBXNativeTarget "CityU PicsUITests" */;
			buildPhases = (
				8D15614E1F6FCD64000EB372 /* Sources */,
				8D15614F1F6FCD64000EB372 /* Frameworks */,
				8D1561501F6FCD64000EB372 /* Resources */,
			);
			buildRules = (
			);
			dependencies = (
				8D1561541F6FCD64000EB372 /* PBXTargetDependency */,
			);
			name = "CityU PicsUITests";
			productName = "CityU PicsUITests";
			productReference = 8D1561521F6FCD64000EB372 /* CityU PicsUITests.xctest */;
			productType = "com.apple.product-type.bundle.ui-testing";
		};
/* End PBXNativeTarget section */

/* Begin PBXProject section */
		8D15612B1F6FCD64000EB372 /* Project object */ = {
			isa = PBXProject;
			attributes = {
				LastSwiftUpdateCheck = 0900;
				LastUpgradeCheck = 0900;
				ORGANIZATIONNAME = "Cali Castle ";
				TargetAttributes = {
					8D1561321F6FCD64000EB372 = {
						CreatedOnToolsVersion = 9.0;
						ProvisioningStyle = Automatic;
					};
					8D1561461F6FCD64000EB372 = {
						CreatedOnToolsVersion = 9.0;
						ProvisioningStyle = Automatic;
						TestTargetID = 8D1561321F6FCD64000EB372;
					};
					8D1561511F6FCD64000EB372 = {
						CreatedOnToolsVersion = 9.0;
						ProvisioningStyle = Automatic;
						TestTargetID = 8D1561321F6FCD64000EB372;
					};
				};
			};
			buildConfigurationList = 8D15612E1F6FCD64000EB372 /* Build configuration list for PBXProject "CityU Pics" */;
			compatibilityVersion = "Xcode 8.0";
			developmentRegion = en;
			hasScannedForEncodings = 0;
			knownRegions = (
				en,
				Base,
			);
			mainGroup = 8D15612A1F6FCD64000EB372;
			productRefGroup = 8D1561341F6FCD64000EB372 /* Products */;
			projectDirPath = "";
			projectRoot = "";
			targets = (
				8D1561321F6FCD64000EB372 /* CityU Pics */,
				8D1561461F6FCD64000EB372 /* CityU PicsTests */,
				8D1561511F6FCD64000EB372 /* CityU PicsUITests */,
			);
		};
/* End PBXProject section */

/* Begin PBXResourcesBuildPhase section */
		8D1561311F6FCD64000EB372 /* Resources */ = {
			isa = PBXResourcesBuildPhase;
			buildActionMask = 2147483647;
			files = (
				8D1561411F6FCD64000EB372 /* LaunchScreen.storyboard in Resources */,
				8D15613E1F6FCD64000EB372 /* Assets.xcassets in Resources */,
				8D15613C1F6FCD64000EB372 /* Main.storyboard in Resources */,
			);
			runOnlyForDeploymentPostprocessing = 0;
		};
		8D1561451F6FCD64000EB372 /* Resources */ = {
			isa = PBXResourcesBuildPhase;
			buildActionMask = 2147483647;
			files = (
			);
			runOnlyForDeploymentPostprocessing = 0;
		};
		8D1561501F6FCD64000EB372 /* Resources */ = {
			isa = PBXResourcesBuildPhase;
			buildActionMask = 2147483647;
			files = (
			);
			runOnlyForDeploymentPostprocessing = 0;
		};
/* End PBXResourcesBuildPhase section */

/* Begin PBXSourcesBuildPhase section */
		8D15612F1F6FCD64000EB372 /* Sources */ = {
			isa = PBXSourcesBuildPhase;
			buildActionMask = 2147483647;
			files = (
				8D1561391F6FCD64000EB372 /* ViewController.swift in Sources */,
				8D1561371F6FCD64000EB372 /* AppDelegate.swift in Sources */,
			);
			runOnlyForDeploymentPostprocessing = 0;
		};
		8D1561431F6FCD64000EB372 /* Sources */ = {
			isa = PBXSourcesBuildPhase;
			buildActionMask = 2147483647;
			files = (
				8D15614C1F6FCD64000EB372 /* CityU_PicsTests.swift in Sources */,
			);
			runOnlyForDeploymentPostprocessing = 0;
		};
		8D15614E1F6FCD64000EB372 /* Sources */ = {
			isa = PBXSourcesBuildPhase;
			buildActionMask = 2147483647;
			files = (
				8D1561571F6FCD64000EB372 /* CityU_PicsUITests.swift in Sources */,
			);
			runOnlyForDeploymentPostprocessing = 0;
		};
/* End PBXSourcesBuildPhase section */

/* Begin PBXTargetDependency section */
		8D1561491F6FCD64000EB372 /* PBXTargetDependency */ = {
			isa = PBXTargetDependency;
			target = 8D1561321F6FCD64000EB372 /* CityU Pics */;
			targetProxy = 8D1561481F6FCD64000EB372 /* PBXContainerItemProxy */;
		};
		8D1561541F6FCD64000EB372 /* PBXTargetDependency */ = {
			isa = PBXTargetDependency;
			target = 8D1561321F6FCD64000EB372 /* CityU Pics */;
			targetProxy = 8D1561531F6FCD64000EB372 /* PBXContainerItemProxy */;
		};
/* End PBXTargetDependency section */

/* Begin PBXVariantGroup section */
		8D15613A1F6FCD64000EB372 /* Main.storyboard */ = {
			isa = PBXVariantGroup;
			children = (
				8D15613B1F6FCD64000EB372 /* Base */,
			);
			name = Main.storyboard;
			sourceTree = "<group>";
		};
		8D15613F1F6FCD64000EB372 /* LaunchScreen.storyboard */ = {
			isa = PBXVariantGroup;
			children = (
				8D1561401F6FCD64000EB372 /* Base */,
			);
			name = LaunchScreen.storyboard;
			sourceTree = "<group>";
		};
/* End PBXVariantGroup section */

/* Begin XCBuildConfiguration section */
		8D1561591F6FCD64000EB372 /* Debug */ = {
			isa = XCBuildConfiguration;
			buildSettings = {
				ALWAYS_SEARCH_USER_PATHS = NO;
				CLANG_ANALYZER_NONNULL = YES;
				CLANG_ANALYZER_NUMBER_OBJECT_CONVERSION = YES_AGGRESSIVE;
				CLANG_CXX_LANGUAGE_STANDARD = "gnu++14";
				CLANG_CXX_LIBRARY = "libc++";
				CLANG_ENABLE_MODULES = YES;
				CLANG_ENABLE_OBJC_ARC = YES;
				CLANG_WARN_BLOCK_CAPTURE_AUTORELEASING = YES;
				CLANG_WARN_BOOL_CONVERSION = YES;
				CLANG_WARN_COMMA = YES;
				CLANG_WARN_CONSTANT_CONVERSION = YES;
				CLANG_WARN_DIRECT_OBJC_ISA_USAGE = YES_ERROR;
				CLANG_WARN_DOCUMENTATION_COMMENTS = YES;
				CLANG_WARN_EMPTY_BODY = YES;
				CLANG_WARN_ENUM_CONVERSION = YES;
				CLANG_WARN_INFINITE_RECURSION = YES;
				CLANG_WARN_INT_CONVERSION = YES;
				CLANG_WARN_NON_LITERAL_NULL_CONVERSION = YES;
				CLANG_WARN_OBJC_LITERAL_CONVERSION = YES;
				CLANG_WARN_OBJC_ROOT_CLASS = YES_ERROR;
				CLANG_WARN_RANGE_LOOP_ANALYSIS = YES;
				CLANG_WARN_STRICT_PROTOTYPES = YES;
				CLANG_WARN_SUSPICIOUS_MOVE = YES;
				CLANG_WARN_UNGUARDED_AVAILABILITY = YES_AGGRESSIVE;
				CLANG_WARN_UNREACHABLE_CODE = YES;
				CLANG_WARN__DUPLICATE_METHOD_MATCH = YES;
				CODE_SIGN_IDENTITY = "iPhone Developer";
				COPY_PHASE_STRIP = NO;
				DEBUG_INFORMATION_FORMAT = dwarf;
				ENABLE_STRICT_OBJC_MSGSEND = YES;
				ENABLE_TESTABILITY = YES;
				GCC_C_LANGUAGE_STANDARD = gnu11;
				GCC_DYNAMIC_NO_PIC = NO;
				GCC_NO_COMMON_BLOCKS = YES;
				GCC_OPTIMIZATION_LEVEL = 0;
				GCC_PREPROCESSOR_DEFINITIONS = (
					"DEBUG=1",
					"$(inherited)",
				);
				GCC_WARN_64_TO_32_BIT_CONVERSION = YES;
				GCC_WARN_ABOUT_RETURN_TYPE = YES_ERROR;
				GCC_WARN_UNDECLARED_SELECTOR = YES;
				GCC_WARN_UNINITIALIZED_AUTOS = YES_AGGRESSIVE;
				GCC_WARN_UNUSED_FUNCTION = YES;
				GCC_WARN_UNUSED_VARIABLE = YES;
				IPHONEOS_DEPLOYMENT_TARGET = 11.0;
				MTL_ENABLE_DEBUG_INFO = YES;
				ONLY_ACTIVE_ARCH = YES;
				SDKROOT = iphoneos;
				SWIFT_ACTIVE_COMPILATION_CONDITIONS = DEBUG;
				SWIFT_OPTIMIZATION_LEVEL = "-Onone";
			};
			name = Debug;
		};
		8D15615A1F6FCD64000EB372 /* Release */ = {
			isa = XCBuildConfiguration;
			buildSettings = {
				ALWAYS_SEARCH_USER_PATHS = NO;
				CLANG_ANALYZER_NONNULL = YES;
				CLANG_ANALYZER_NUMBER_OBJECT_CONVERSION = YES_AGGRESSIVE;
				CLANG_CXX_LANGUAGE_STANDARD = "gnu++14";
				CLANG_CXX_LIBRARY = "libc++";
				CLANG_ENABLE_MODULES = YES;
				CLANG_ENABLE_OBJC_ARC = YES;
				CLANG_WARN_BLOCK_CAPTURE_AUTORELEASING = YES;
				CLANG_WARN_BOOL_CONVERSION = YES;
				CLANG_WARN_COMMA = YES;
				CLANG_WARN_CONSTANT_CONVERSION = YES;
				CLANG_WARN_DIRECT_OBJC_ISA_USAGE = YES_ERROR;
				CLANG_WARN_DOCUMENTATION_COMMENTS = YES;
				CLANG_WARN_EMPTY_BODY = YES;
				CLANG_WARN_ENUM_CONVERSION = YES;
				CLANG_WARN_INFINITE_RECURSION = YES;
				CLANG_WARN_INT_CONVERSION = YES;
				CLANG_WARN_NON_LITERAL_NULL_CONVERSION = YES;
				CLANG_WARN_OBJC_LITERAL_CONVERSION = YES;
				CLANG_WARN_OBJC_ROOT_CLASS = YES_ERROR;
				CLANG_WARN_RANGE_LOOP_ANALYSIS = YES;
				CLANG_WARN_STRICT_PROTOTYPES = YES;
				CLANG_WARN_SUSPICIOUS_MOVE = YES;
				CLANG_WARN_UNGUARDED_AVAILABILITY = YES_AGGRESSIVE;
				CLANG_WARN_UNREACHABLE_CODE = YES;
				CLANG_WARN__DUPLICATE_METHOD_MATCH = YES;
				CODE_SIGN_IDENTITY = "iPhone Developer";
				COPY_PHASE_STRIP = NO;
				DEBUG_INFORMATION_FORMAT = "dwarf-with-dsym";
				ENABLE_NS_ASSERTIONS = NO;
				ENABLE_STRICT_OBJC_MSGSEND = YES;
				GCC_C_LANGUAGE_STANDARD = gnu11;
				GCC_NO_COMMON_BLOCKS = YES;
				GCC_WARN_64_TO_32_BIT_CONVERSION = YES;
				GCC_WARN_ABOUT_RETURN_TYPE = YES_ERROR;
				GCC_WARN_UNDECLARED_SELECTOR = YES;
				GCC_WARN_UNINITIALIZED_AUTOS = YES_AGGRESSIVE;
				GCC_WARN_UNUSED_FUNCTION = YES;
				GCC_WARN_UNUSED_VARIABLE = YES;
				IPHONEOS_DEPLOYMENT_TARGET = 11.0;
				MTL_ENABLE_DEBUG_INFO = NO;
				SDKROOT = iphoneos;
				SWIFT_OPTIMIZATION_LEVEL = "-Owholemodule";
				VALIDATE_PRODUCT = YES;
			};
			name = Release;
		};
		8D15615C1F6FCD64000EB372 /* Debug */ = {
			isa = XCBuildConfiguration;
			buildSettings = {
				ASSETCATALOG_COMPILER_APPICON_NAME = AppIcon;
				CODE_SIGN_STYLE = Automatic;
				DEVELOPMENT_TEAM = LAAKXKAVC9;
				INFOPLIST_FILE = "CityU Pics/Info.plist";
				LD_RUNPATH_SEARCH_PATHS = "$(inherited) @executable_path/Frameworks";
				PRODUCT_BUNDLE_IDENTIFIER = "com.calicastle.CityU-Pics";
				PRODUCT_NAME = "$(TARGET_NAME)";
				SWIFT_VERSION = 4.0;
				TARGETED_DEVICE_FAMILY = "1,2";
			};
			name = Debug;
		};
		8D15615D1F6FCD64000EB372 /* Release */ = {
			isa = XCBuildConfiguration;
			buildSettings = {
				ASSETCATALOG_COMPILER_APPICON_NAME = AppIcon;
				CODE_SIGN_STYLE = Automatic;
				DEVELOPMENT_TEAM = LAAKXKAVC9;
				INFOPLIST_FILE = "CityU Pics/Info.plist";
				LD_RUNPATH_SEARCH_PATHS = "$(inherited) @executable_path/Frameworks";
				PRODUCT_BUNDLE_IDENTIFIER = "com.calicastle.CityU-Pics";
				PRODUCT_NAME = "$(TARGET_NAME)";
				SWIFT_VERSION = 4.0;
				TARGETED_DEVICE_FAMILY = "1,2";
			};
			name = Release;
		};
		8D15615F1F6FCD64000EB372 /* Debug */ = {
			isa = XCBuildConfiguration;
			buildSettings = {
				ALWAYS_EMBED_SWIFT_STANDARD_LIBRARIES = YES;
				BUNDLE_LOADER = "$(TEST_HOST)";
				CODE_SIGN_STYLE = Automatic;
				DEVELOPMENT_TEAM = LAAKXKAVC9;
				INFOPLIST_FILE = "CityU PicsTests/Info.plist";
				LD_RUNPATH_SEARCH_PATHS = "$(inherited) @executable_path/Frameworks @loader_path/Frameworks";
				PRODUCT_BUNDLE_IDENTIFIER = "com.calicastle.CityU-PicsTests";
				PRODUCT_NAME = "$(TARGET_NAME)";
				SWIFT_VERSION = 4.0;
				TARGETED_DEVICE_FAMILY = "1,2";
				TEST_HOST = "$(BUILT_PRODUCTS_DIR)/CityU Pics.app/CityU Pics";
			};
			name = Debug;
		};
		8D1561601F6FCD64000EB372 /* Release */ = {
			isa = XCBuildConfiguration;
			buildSettings = {
				ALWAYS_EMBED_SWIFT_STANDARD_LIBRARIES = YES;
				BUNDLE_LOADER = "$(TEST_HOST)";
				CODE_SIGN_STYLE = Automatic;
				DEVELOPMENT_TEAM = LAAKXKAVC9;
				INFOPLIST_FILE = "CityU PicsTests/Info.plist";
				LD_RUNPATH_SEARCH_PATHS = "$(inherited) @executable_path/Frameworks @loader_path/Frameworks";
				PRODUCT_BUNDLE_IDENTIFIER = "com.calicastle.CityU-PicsTests";
				PRODUCT_NAME = "$(TARGET_NAME)";
				SWIFT_VERSION = 4.0;
				TARGETED_DEVICE_FAMILY = "1,2";
				TEST_HOST = "$(BUILT_PRODUCTS_DIR)/CityU Pics.app/CityU Pics";
			};
			name = Release;
		};
		8D1561621F6FCD64000EB372 /* Debug */ = {
			isa = XCBuildConfiguration;
			buildSettings = {
				ALWAYS_EMBED_SWIFT_STANDARD_LIBRARIES = YES;
				CODE_SIGN_STYLE = Automatic;
				DEVELOPMENT_TEAM = LAAKXKAVC9;
				INFOPLIST_FILE = "CityU PicsUITests/Info.plist";
				LD_RUNPATH_SEARCH_PATHS = "$(inherited) @executable_path/Frameworks @loader_path/Frameworks";
				PRODUCT_BUNDLE_IDENTIFIER = "com.calicastle.CityU-PicsUITests";
				PRODUCT_NAME = "$(TARGET_NAME)";
				SWIFT_VERSION = 4.0;
				TARGETED_DEVICE_FAMILY = "1,2";
				TEST_TARGET_NAME = "CityU Pics";
			};
			name = Debug;
		};
		8D1561631F6FCD64000EB372 /* Release */ = {
			isa = XCBuildConfiguration;
			buildSettings = {
				ALWAYS_EMBED_SWIFT_STANDARD_LIBRARIES = YES;
				CODE_SIGN_STYLE = Automatic;
				DEVELOPMENT_TEAM = LAAKXKAVC9;
				INFOPLIST_FILE = "CityU PicsUITests/Info.plist";
				LD_RUNPATH_SEARCH_PATHS = "$(inherited) @executable_path/Frameworks @loader_path/Frameworks";
				PRODUCT_BUNDLE_IDENTIFIER = "com.calicastle.CityU-PicsUITests";
				PRODUCT_NAME = "$(TARGET_NAME)";
				SWIFT_VERSION = 4.0;
				TARGETED_DEVICE_FAMILY = "1,2";
				TEST_TARGET_NAME = "CityU Pics";
			};
			name = Release;
		};
/* End XCBuildConfiguration section */

/* Begin XCConfigurationList section */
		8D15612E1F6FCD64000EB372 /* Build configuration list for PBXProject "CityU Pics" */ = {
			isa = XCConfigurationList;
			buildConfigurations = (
				8D1561591F6FCD64000EB372 /* Debug */,
				8D15615A1F6FCD64000EB372 /* Release */,
			);
			defaultConfigurationIsVisible = 0;
			defaultConfigurationName = Release;
		};
		8D15615B1F6FCD64000EB372 /* Build configuration list for PBXNativeTarget "CityU Pics" */ = {
			isa = XCConfigurationList;
			buildConfigurations = (
				8D15615C1F6FCD64000EB372 /* Debug */,
				8D15615D1F6FCD64000EB372 /* Release */,
			);
			defaultConfigurationIsVisible = 0;
			defaultConfigurationName = Release;
		};
		8D15615E1F6FCD64000EB372 /* Build configuration list for PBXNativeTarget "CityU PicsTests" */ = {
			isa = XCConfigurationList;
			buildConfigurations = (
				8D15615F1F6FCD64000EB372 /* Debug */,
				8D1561601F6FCD64000EB372 /* Release */,
			);
			defaultConfigurationIsVisible = 0;
			defaultConfigurationName = Release;
		};
		8D1561611F6FCD64000EB372 /* Build configuration list for PBXNativeTarget "CityU PicsUITests" */ = {
			isa = XCConfigurationList;
			buildConfigurations = (
				8D1561621F6FCD64000EB372 /* Debug */,
				8D1561631F6FCD64000EB372 /* Release */,
			);
			defaultConfigurationIsVisible = 0;
			defaultConfigurationName = Release;
		};
/* End XCConfigurationList section */
	};
	rootObject = 8D15612B1F6FCD64000EB372 /* Project object */;
}
